
Microsoft Visual Studio Solution File, Format Version 12.00
# Visual Studio Version 17
VisualStudioVersion = 17.1.32120.378
MinimumVisualStudioVersion = 10.0.40219.1
Project("{9A19103F-16F7-4668-BE54-9A1E7A4F7556}") = "MinesweeperModel", "MinesweeperModel\MinesweeperModel.csproj", "{03347E7C-0FB1-4D9F-BD8F-7519A4DE1765}"
EndProject
Project("{9A19103F-16F7-4668-BE54-9A1E7A4F7556}") = "MinesweeperModel.Test", "Minesweeper.Test\MinesweeperModel.Test.csproj", "{A5972E26-95DA-4358-BFD7-CB3DF22CB7F6}"
EndProject
Project("{9A19103F-16F7-4668-BE54-9A1E7A4F7556}") = "MinesweeperUI", "MinesweeperUI\MinesweeperUI.csproj", "{FB534744-6996-4A39-91B2-46B4573D8FF4}"
EndProject
Project("{FAE04EC0-301F-11D3-BF4B-00C04F79EFBC}") = "Minesweeper.Shared", "Minesweeper.Shared\Minesweeper.Shared.csproj", "{BD47D009-2766-42F7-95DB-FDB2538A3F0C}"
EndProject
Global
	GlobalSection(SolutionConfigurationPlatforms) = preSolution
		Debug|Any CPU = Debug|Any CPU
		Release|Any CPU = Release|Any CPU
	EndGlobalSection
	GlobalSection(ProjectConfigurationPlatforms) = postSolution
		{03347E7C-0FB1-4D9F-BD8F-7519A4DE1765}.Debug|Any CPU.ActiveCfg = Debug|Any CPU
		{03347E7C-0FB1-4D9F-BD8F-7519A4DE1765}.Debug|Any CPU.Build.0 = Debug|Any CPU
		{03347E7C-0FB1-4D9F-BD8F-7519A4DE1765}.Release|Any CPU.ActiveCfg = Release|Any CPU
		{03347E7C-0FB1-4D9F-BD8F-7519A4DE1765}.Release|Any CPU.Build.0 = Release|Any CPU
		{A5972E26-95DA-4358-BFD7-CB3DF22CB7F6}.Debug|Any CPU.ActiveCfg = Debug|Any CPU
		{A5972E26-95DA-4358-BFD7-CB3DF22CB7F6}.Debug|Any CPU.Build.0 = Debug|Any CPU
		{A5972E26-95DA-4358-BFD7-CB3DF22CB7F6}.Release|Any CPU.ActiveCfg = Release|Any CPU
		{A5972E26-95DA-4358-BFD7-CB3DF22CB7F6}.Release|Any CPU.Build.0 = Release|Any CPU
		{FB534744-6996-4A39-91B2-46B4573D8FF4}.Debug|Any CPU.ActiveCfg = Debug|Any CPU
		{FB534744-6996-4A39-91B2-46B4573D8FF4}.Debug|Any CPU.Build.0 = Debug|Any CPU
		{FB534744-6996-4A39-91B2-46B4573D8FF4}.Release|Any CPU.ActiveCfg = Release|Any CPU
		{FB534744-6996-4A39-91B2-46B4573D8FF4}.Release|Any CPU.Build.0 = Release|Any CPU
		{BD47D009-2766-42F7-95DB-FDB2538A3F0C}.Debug|Any CPU.ActiveCfg = Debug|Any CPU
		{BD47D009-2766-42F7-95DB-FDB2538A3F0C}.Debug|Any CPU.Build.0 = Debug|Any CPU
		{BD47D009-2766-42F7-95DB-FDB2538A3F0C}.Release|Any CPU.ActiveCfg = Release|Any CPU
		{BD47D009-2766-42F7-95DB-FDB2538A3F0C}.Release|Any CPU.Build.0 = Release|Any CPU
	EndGlobalSection
	GlobalSection(SolutionProperties) = preSolution
		HideSolutionNode = FALSE
	EndGlobalSection
	GlobalSection(ExtensibilityGlobals) = postSolution
		SolutionGuid = {88B95E9F-6E2C-4199-A283-6430B21ADA03}
	EndGlobalSection
EndGlobal
